
Microsoft Visual Studio Solution File, Format Version 12.00
# Visual Studio Version 17
VisualStudioVersion = 17.0.31919.166
MinimumVisualStudioVersion = 10.0.40219.1
Project("{FAE04EC0-301F-11D3-BF4B-00C04F79EFBC}") = "ProjetoElevador_Documentacao", "ProjetoElevador_Documentacao\ProjetoElevador_Documentacao.csproj", "{8483F6C4-6E8A-4037-8451-59143F9286F0}"
EndProject
Global
	GlobalSection(SolutionConfigurationPlatforms) = preSolution
		Debug|Any CPU = Debug|Any CPU
		Release|Any CPU = Release|Any CPU
	EndGlobalSection
	GlobalSection(ProjectConfigurationPlatforms) = postSolution
		{8483F6C4-6E8A-4037-8451-59143F9286F0}.Debug|Any CPU.ActiveCfg = Debug|Any CPU
		{8483F6C4-6E8A-4037-8451-59143F9286F0}.Debug|Any CPU.Build.0 = Debug|Any CPU
		{8483F6C4-6E8A-4037-8451-59143F9286F0}.Release|Any CPU.ActiveCfg = Release|Any CPU
		{8483F6C4-6E8A-4037-8451-59143F9286F0}.Release|Any CPU.Build.0 = Release|Any CPU
	EndGlobalSection
	GlobalSection(SolutionProperties) = preSolution
		HideSolutionNode = FALSE
	EndGlobalSection
	GlobalSection(ExtensibilityGlobals) = postSolution
		SolutionGuid = {D3A4BD4D-D779-49AD-937B-06B1AC7260A3}
	EndGlobalSection
EndGlobal
